{
  "name": "gustavo-mujica-sprint-2-2-angular",
  "version": "1.0.0",
  "lockfileVersion": 3,
  "requires": true,
  "packages": {
    "": {
      "name": "gustavo-mujica-sprint-2-2-angular",
      "version": "1.0.0",
      "license": "ISC"
    }
  }
}


body {
    background-color: #f5f5dc; 
    color: #333; 
}

.btn {
    background-color: #ffd700; 
    color: #333; 
    border-radius: 20px; 
    transition: all 0.3s ease; 
}

.btn:hover {
    background-color: #eec900; 
}